// !$*UTF8*$!
{
	archiveVersion = 1;
	classes = {
	};
	objectVersion = 48;
	objects = {

/* Begin PBXBuildFile section */
		66DAFA3E2022B52200F0E5A5 /* AppDelegate.swift in Sources */ = {isa = PBXBuildFile; fileRef = 66DAFA3D2022B52200F0E5A5 /* AppDelegate.swift */; };
		66DAFA402022B52200F0E5A5 /* ViewController.swift in Sources */ = {isa = PBXBuildFile; fileRef = 66DAFA3F2022B52200F0E5A5 /* ViewController.swift */; };
		66DAFA432022B52200F0E5A5 /* Main.storyboard in Resources */ = {isa = PBXBuildFile; fileRef = 66DAFA412022B52200F0E5A5 /* Main.storyboard */; };
		66DAFA462022B52200F0E5A5 /* CAUDormitory_prototype.xcdatamodeld in Sources */ = {isa = PBXBuildFile; fileRef = 66DAFA442022B52200F0E5A5 /* CAUDormitory_prototype.xcdatamodeld */; };
		66DAFA482022B52200F0E5A5 /* Assets.xcassets in Resources */ = {isa = PBXBuildFile; fileRef = 66DAFA472022B52200F0E5A5 /* Assets.xcassets */; };
		66DAFA4B2022B52200F0E5A5 /* LaunchScreen.storyboard in Resources */ = {isa = PBXBuildFile; fileRef = 66DAFA492022B52200F0E5A5 /* LaunchScreen.storyboard */; };
/* End PBXBuildFile section */

/* Begin PBXFileReference section */
		66DAFA3A2022B52200F0E5A5 /* CAUDormitory_prototype.app */ = {isa = PBXFileReference; explicitFileType = wrapper.application; includeInIndex = 0; path = CAUDormitory_prototype.app; sourceTree = BUILT_PRODUCTS_DIR; };
		66DAFA3D2022B52200F0E5A5 /* AppDelegate.swift */ = {isa = PBXFileReference; lastKnownFileType = sourcecode.swift; path = AppDelegate.swift; sourceTree = "<group>"; };
		66DAFA3F2022B52200F0E5A5 /* ViewController.swift */ = {isa = PBXFileReference; lastKnownFileType = sourcecode.swift; path = ViewController.swift; sourceTree = "<group>"; };
		66DAFA422022B52200F0E5A5 /* Base */ = {isa = PBXFileReference; lastKnownFileType = file.storyboard; name = Base; path = Base.lproj/Main.storyboard; sourceTree = "<group>"; };
		66DAFA452022B52200F0E5A5 /* CAUDormitory_prototype.xcdatamodel */ = {isa = PBXFileReference; lastKnownFileType = wrapper.xcdatamodel; path = CAUDormitory_prototype.xcdatamodel; sourceTree = "<group>"; };
		66DAFA472022B52200F0E5A5 /* Assets.xcassets */ = {isa = PBXFileReference; lastKnownFileType = folder.assetcatalog; path = Assets.xcassets; sourceTree = "<group>"; };
		66DAFA4A2022B52200F0E5A5 /* Base */ = {isa = PBXFileReference; lastKnownFileType = file.storyboard; name = Base; path = Base.lproj/LaunchScreen.storyboard; sourceTree = "<group>"; };
		66DAFA4C2022B52200F0E5A5 /* Info.plist */ = {isa = PBXFileReference; lastKnownFileType = text.plist.xml; path = Info.plist; sourceTree = "<group>"; };
/* End PBXFileReference section */

/* Begin PBXFrameworksBuildPhase section */
		66DAFA372022B52200F0E5A5 /* Frameworks */ = {
			isa = PBXFrameworksBuildPhase;
			buildActionMask = 2147483647;
			files = (
			);
			runOnlyForDeploymentPostprocessing = 0;
		};
/* End PBXFrameworksBuildPhase section */

/* Begin PBXGroup section */
		66DAFA312022B52200F0E5A5 = {
			isa = PBXGroup;
			children = (
				66DAFA3C2022B52200F0E5A5 /* CAUDormitory_prototype */,
				66DAFA3B2022B52200F0E5A5 /* Products */,
			);
			sourceTree = "<group>";
		};
		66DAFA3B2022B52200F0E5A5 /* Products */ = {
			isa = PBXGroup;
			children = (
				66DAFA3A2022B52200F0E5A5 /* CAUDormitory_prototype.app */,
			);
			name = Products;
			sourceTree = "<group>";
		};
		66DAFA3C2022B52200F0E5A5 /* CAUDormitory_prototype */ = {
			isa = PBXGroup;
			children = (
				66DAFA3D2022B52200F0E5A5 /* AppDelegate.swift */,
				66DAFA3F2022B52200F0E5A5 /* ViewController.swift */,
				66DAFA412022B52200F0E5A5 /* Main.storyboard */,
				66DAFA472022B52200F0E5A5 /* Assets.xcassets */,
				66DAFA492022B52200F0E5A5 /* LaunchScreen.storyboard */,
				66DAFA4C2022B52200F0E5A5 /* Info.plist */,
				66DAFA442022B52200F0E5A5 /* CAUDormitory_prototype.xcdatamodeld */,
			);
			path = CAUDormitory_prototype;
			sourceTree = "<group>";
		};
/* End PBXGroup section */

/* Begin PBXNativeTarget section */
		66DAFA392022B52200F0E5A5 /* CAUDormitory_prototype */ = {
			isa = PBXNativeTarget;
			buildConfigurationList = 66DAFA4F2022B52200F0E5A5 /* Build configuration list for PBXNativeTarget "CAUDormitory_prototype" */;
			buildPhases = (
				66DAFA362022B52200F0E5A5 /* Sources */,
				66DAFA372022B52200F0E5A5 /* Frameworks */,
				66DAFA382022B52200F0E5A5 /* Resources */,
			);
			buildRules = (
			);
			dependencies = (
			);
			name = CAUDormitory_prototype;
			productName = CAUDormitory_prototype;
			productReference = 66DAFA3A2022B52200F0E5A5 /* CAUDormitory_prototype.app */;
			productType = "com.apple.product-type.application";
		};
/* End PBXNativeTarget section */

/* Begin PBXProject section */
		66DAFA322022B52200F0E5A5 /* Project object */ = {
			isa = PBXProject;
			attributes = {
				LastSwiftUpdateCheck = 0920;
				LastUpgradeCheck = 0920;
				ORGANIZATIONNAME = CAUADC;
				TargetAttributes = {
					66DAFA392022B52200F0E5A5 = {
						CreatedOnToolsVersion = 9.2;
						ProvisioningStyle = Automatic;
					};
				};
			};
			buildConfigurationList = 66DAFA352022B52200F0E5A5 /* Build configuration list for PBXProject "CAUDormitory_prototype" */;
			compatibilityVersion = "Xcode 8.0";
			developmentRegion = en;
			hasScannedForEncodings = 0;
			knownRegions = (
				en,
				Base,
			);
			mainGroup = 66DAFA312022B52200F0E5A5;
			productRefGroup = 66DAFA3B2022B52200F0E5A5 /* Products */;
			projectDirPath = "";
			projectRoot = "";
			targets = (
				66DAFA392022B52200F0E5A5 /* CAUDormitory_prototype */,
			);
		};
/* End PBXProject section */

/* Begin PBXResourcesBuildPhase section */
		66DAFA382022B52200F0E5A5 /* Resources */ = {
			isa = PBXResourcesBuildPhase;
			buildActionMask = 2147483647;
			files = (
				66DAFA4B2022B52200F0E5A5 /* LaunchScreen.storyboard in Resources */,
				66DAFA482022B52200F0E5A5 /* Assets.xcassets in Resources */,
				66DAFA432022B52200F0E5A5 /* Main.storyboard in Resources */,
			);
			runOnlyForDeploymentPostprocessing = 0;
		};
/* End PBXResourcesBuildPhase section */

/* Begin PBXSourcesBuildPhase section */
		66DAFA362022B52200F0E5A5 /* Sources */ = {
			isa = PBXSourcesBuildPhase;
			buildActionMask = 2147483647;
			files = (
				66DAFA462022B52200F0E5A5 /* CAUDormitory_prototype.xcdatamodeld in Sources */,
				66DAFA402022B52200F0E5A5 /* ViewController.swift in Sources */,
				66DAFA3E2022B52200F0E5A5 /* AppDelegate.swift in Sources */,
			);
			runOnlyForDeploymentPostprocessing = 0;
		};
/* End PBXSourcesBuildPhase section */

/* Begin PBXVariantGroup section */
		66DAFA412022B52200F0E5A5 /* Main.storyboard */ = {
			isa = PBXVariantGroup;
			children = (
				66DAFA422022B52200F0E5A5 /* Base */,
			);
			name = Main.storyboard;
			sourceTree = "<group>";
		};
		66DAFA492022B52200F0E5A5 /* LaunchScreen.storyboard */ = {
			isa = PBXVariantGroup;
			children = (
				66DAFA4A2022B52200F0E5A5 /* Base */,
			);
			name = LaunchScreen.storyboard;
			sourceTree = "<group>";
		};
/* End PBXVariantGroup section */

/* Begin XCBuildConfiguration section */
		66DAFA4D2022B52200F0E5A5 /* Debug */ = {
			isa = XCBuildConfiguration;
			buildSettings = {
				ALWAYS_SEARCH_USER_PATHS = NO;
				CLANG_ANALYZER_NONNULL = YES;
				CLANG_ANALYZER_NUMBER_OBJECT_CONVERSION = YES_AGGRESSIVE;
				CLANG_CXX_LANGUAGE_STANDARD = "gnu++14";
				CLANG_CXX_LIBRARY = "libc++";
				CLANG_ENABLE_MODULES = YES;
				CLANG_ENABLE_OBJC_ARC = YES;
				CLANG_WARN_BLOCK_CAPTURE_AUTORELEASING = YES;
				CLANG_WARN_BOOL_CONVERSION = YES;
				CLANG_WARN_COMMA = YES;
				CLANG_WARN_CONSTANT_CONVERSION = YES;
				CLANG_WARN_DIRECT_OBJC_ISA_USAGE = YES_ERROR;
				CLANG_WARN_DOCUMENTATION_COMMENTS = YES;
				CLANG_WARN_EMPTY_BODY = YES;
				CLANG_WARN_ENUM_CONVERSION = YES;
				CLANG_WARN_INFINITE_RECURSION = YES;
				CLANG_WARN_INT_CONVERSION = YES;
				CLANG_WARN_NON_LITERAL_NULL_CONVERSION = YES;
				CLANG_WARN_OBJC_LITERAL_CONVERSION = YES;
				CLANG_WARN_OBJC_ROOT_CLASS = YES_ERROR;
				CLANG_WARN_RANGE_LOOP_ANALYSIS = YES;
				CLANG_WARN_STRICT_PROTOTYPES = YES;
				CLANG_WARN_SUSPICIOUS_MOVE = YES;
				CLANG_WARN_UNGUARDED_AVAILABILITY = YES_AGGRESSIVE;
				CLANG_WARN_UNREACHABLE_CODE = YES;
				CLANG_WARN__DUPLICATE_METHOD_MATCH = YES;
				CODE_SIGN_IDENTITY = "iPhone Developer";
				COPY_PHASE_STRIP = NO;
				DEBUG_INFORMATION_FORMAT = dwarf;
				ENABLE_STRICT_OBJC_MSGSEND = YES;
				ENABLE_TESTABILITY = YES;
				GCC_C_LANGUAGE_STANDARD = gnu11;
				GCC_DYNAMIC_NO_PIC = NO;
				GCC_NO_COMMON_BLOCKS = YES;
				GCC_OPTIMIZATION_LEVEL = 0;
				GCC_PREPROCESSOR_DEFINITIONS = (
					"DEBUG=1",
					"$(inherited)",
				);
				GCC_WARN_64_TO_32_BIT_CONVERSION = YES;
				GCC_WARN_ABOUT_RETURN_TYPE = YES_ERROR;
				GCC_WARN_UNDECLARED_SELECTOR = YES;
				GCC_WARN_UNINITIALIZED_AUTOS = YES_AGGRESSIVE;
				GCC_WARN_UNUSED_FUNCTION = YES;
				GCC_WARN_UNUSED_VARIABLE = YES;
				IPHONEOS_DEPLOYMENT_TARGET = 11.2;
				MTL_ENABLE_DEBUG_INFO = YES;
				ONLY_ACTIVE_ARCH = YES;
				SDKROOT = iphoneos;
				SWIFT_ACTIVE_COMPILATION_CONDITIONS = DEBUG;
				SWIFT_OPTIMIZATION_LEVEL = "-Onone";
			};
			name = Debug;
		};
		66DAFA4E2022B52200F0E5A5 /* Release */ = {
			isa = XCBuildConfiguration;
			buildSettings = {
				ALWAYS_SEARCH_USER_PATHS = NO;
				CLANG_ANALYZER_NONNULL = YES;
				CLANG_ANALYZER_NUMBER_OBJECT_CONVERSION = YES_AGGRESSIVE;
				CLANG_CXX_LANGUAGE_STANDARD = "gnu++14";
				CLANG_CXX_LIBRARY = "libc++";
				CLANG_ENABLE_MODULES = YES;
				CLANG_ENABLE_OBJC_ARC = YES;
				CLANG_WARN_BLOCK_CAPTURE_AUTORELEASING = YES;
				CLANG_WARN_BOOL_CONVERSION = YES;
				CLANG_WARN_COMMA = YES;
				CLANG_WARN_CONSTANT_CONVERSION = YES;
				CLANG_WARN_DIRECT_OBJC_ISA_USAGE = YES_ERROR;
				CLANG_WARN_DOCUMENTATION_COMMENTS = YES;
				CLANG_WARN_EMPTY_BODY = YES;
				CLANG_WARN_ENUM_CONVERSION = YES;
				CLANG_WARN_INFINITE_RECURSION = YES;
				CLANG_WARN_INT_CONVERSION = YES;
				CLANG_WARN_NON_LITERAL_NULL_CONVERSION = YES;
				CLANG_WARN_OBJC_LITERAL_CONVERSION = YES;
				CLANG_WARN_OBJC_ROOT_CLASS = YES_ERROR;
				CLANG_WARN_RANGE_LOOP_ANALYSIS = YES;
				CLANG_WARN_STRICT_PROTOTYPES = YES;
				CLANG_WARN_SUSPICIOUS_MOVE = YES;
				CLANG_WARN_UNGUARDED_AVAILABILITY = YES_AGGRESSIVE;
				CLANG_WARN_UNREACHABLE_CODE = YES;
				CLANG_WARN__DUPLICATE_METHOD_MATCH = YES;
				CODE_SIGN_IDENTITY = "iPhone Developer";
				COPY_PHASE_STRIP = NO;
				DEBUG_INFORMATION_FORMAT = "dwarf-with-dsym";
				ENABLE_NS_ASSERTIONS = NO;
				ENABLE_STRICT_OBJC_MSGSEND = YES;
				GCC_C_LANGUAGE_STANDARD = gnu11;
				GCC_NO_COMMON_BLOCKS = YES;
				GCC_WARN_64_TO_32_BIT_CONVERSION = YES;
				GCC_WARN_ABOUT_RETURN_TYPE = YES_ERROR;
				GCC_WARN_UNDECLARED_SELECTOR = YES;
				GCC_WARN_UNINITIALIZED_AUTOS = YES_AGGRESSIVE;
				GCC_WARN_UNUSED_FUNCTION = YES;
				GCC_WARN_UNUSED_VARIABLE = YES;
				IPHONEOS_DEPLOYMENT_TARGET = 11.2;
				MTL_ENABLE_DEBUG_INFO = NO;
				SDKROOT = iphoneos;
				SWIFT_OPTIMIZATION_LEVEL = "-Owholemodule";
				VALIDATE_PRODUCT = YES;
			};
			name = Release;
		};
		66DAFA502022B52200F0E5A5 /* Debug */ = {
			isa = XCBuildConfiguration;
			buildSettings = {
				ASSETCATALOG_COMPILER_APPICON_NAME = AppIcon;
				CODE_SIGN_STYLE = Automatic;
				INFOPLIST_FILE = CAUDormitory_prototype/Info.plist;
				LD_RUNPATH_SEARCH_PATHS = "$(inherited) @executable_path/Frameworks";
				PRODUCT_BUNDLE_IDENTIFIER = "ac.kr.cau.CAUDormitory-prototype";
				PRODUCT_NAME = "$(TARGET_NAME)";
				SWIFT_VERSION = 4.0;
				TARGETED_DEVICE_FAMILY = "1,2";
			};
			name = Debug;
		};
		66DAFA512022B52200F0E5A5 /* Release */ = {
			isa = XCBuildConfiguration;
			buildSettings = {
				ASSETCATALOG_COMPILER_APPICON_NAME = AppIcon;
				CODE_SIGN_STYLE = Automatic;
				INFOPLIST_FILE = CAUDormitory_prototype/Info.plist;
				LD_RUNPATH_SEARCH_PATHS = "$(inherited) @executable_path/Frameworks";
				PRODUCT_BUNDLE_IDENTIFIER = "ac.kr.cau.CAUDormitory-prototype";
				PRODUCT_NAME = "$(TARGET_NAME)";
				SWIFT_VERSION = 4.0;
				TARGETED_DEVICE_FAMILY = "1,2";
			};
			name = Release;
		};
/* End XCBuildConfiguration section */

/* Begin XCConfigurationList section */
		66DAFA352022B52200F0E5A5 /* Build configuration list for PBXProject "CAUDormitory_prototype" */ = {
			isa = XCConfigurationList;
			buildConfigurations = (
				66DAFA4D2022B52200F0E5A5 /* Debug */,
				66DAFA4E2022B52200F0E5A5 /* Release */,
			);
			defaultConfigurationIsVisible = 0;
			defaultConfigurationName = Release;
		};
		66DAFA4F2022B52200F0E5A5 /* Build configuration list for PBXNativeTarget "CAUDormitory_prototype" */ = {
			isa = XCConfigurationList;
			buildConfigurations = (
				66DAFA502022B52200F0E5A5 /* Debug */,
				66DAFA512022B52200F0E5A5 /* Release */,
			);
			defaultConfigurationIsVisible = 0;
			defaultConfigurationName = Release;
		};
/* End XCConfigurationList section */

/* Begin XCVersionGroup section */
		66DAFA442022B52200F0E5A5 /* CAUDormitory_prototype.xcdatamodeld */ = {
			isa = XCVersionGroup;
			children = (
				66DAFA452022B52200F0E5A5 /* CAUDormitory_prototype.xcdatamodel */,
			);
			currentVersion = 66DAFA452022B52200F0E5A5 /* CAUDormitory_prototype.xcdatamodel */;
			path = CAUDormitory_prototype.xcdatamodeld;
			sourceTree = "<group>";
			versionGroupType = wrapper.xcdatamodel;
		};
/* End XCVersionGroup section */
	};
	rootObject = 66DAFA322022B52200F0E5A5 /* Project object */;
}
